
Microsoft Visual Studio Solution File, Format Version 12.00
# Visual Studio Version 16
VisualStudioVersion = 25.0.1700.4
MinimumVisualStudioVersion = 10.0.40219.1
Project("{FAE04EC0-301F-11D3-BF4B-00C04F79EFBC}") = "PartyGuide", "PartyGuide.csproj", "{14AEF5C1-C69E-4DE7-95C1-D762EA84AEF0}"
EndProject
Global
	GlobalSection(SolutionConfigurationPlatforms) = preSolution
		Debug|Any CPU = Debug|Any CPU
		Release|Any CPU = Release|Any CPU
	EndGlobalSection
	GlobalSection(ProjectConfigurationPlatforms) = postSolution
		{14AEF5C1-C69E-4DE7-95C1-D762EA84AEF0}.Debug|Any CPU.ActiveCfg = Debug|Any CPU
		{14AEF5C1-C69E-4DE7-95C1-D762EA84AEF0}.Debug|Any CPU.Build.0 = Debug|Any CPU
		{14AEF5C1-C69E-4DE7-95C1-D762EA84AEF0}.Release|Any CPU.ActiveCfg = Release|Any CPU
		{14AEF5C1-C69E-4DE7-95C1-D762EA84AEF0}.Release|Any CPU.Build.0 = Release|Any CPU
	EndGlobalSection
	GlobalSection(SolutionProperties) = preSolution
		HideSolutionNode = FALSE
	EndGlobalSection
	GlobalSection(ExtensibilityGlobals) = postSolution
		SolutionGuid = {17639AF4-7C94-49E4-BDE1-7AE666B23DE0}
	EndGlobalSection
EndGlobal
