
Microsoft Visual Studio Solution File, Format Version 12.00
# Visual Studio Version 17
VisualStudioVersion = 17.2.32505.173
MinimumVisualStudioVersion = 10.0.40219.1
Project("{FAE04EC0-301F-11D3-BF4B-00C04F79EFBC}") = "PartyGuide", "PartyGuide\PartyGuide.csproj", "{14AEF5C1-C69E-4DE7-95C1-D762EA84AEF0}"
EndProject
Project("{FAE04EC0-301F-11D3-BF4B-00C04F79EFBC}") = "PartyGuide.Tests", "PartyGuide.Tests\PartyGuide.Tests.csproj", "{493CB1F5-70AF-44D4-87CD-F45CA8E49471}"
EndProject
Project("{2150E333-8FDC-42A3-9474-1A3956D46DE8}") = "Solution Items", "Solution Items", "{89F40898-0073-46FE-9AA1-94C8906A8BF9}"
	ProjectSection(SolutionItems) = preProject
		Dockerfile = Dockerfile
	EndProjectSection
EndProject
Global
	GlobalSection(SolutionConfigurationPlatforms) = preSolution
		Debug|Any CPU = Debug|Any CPU
		Release|Any CPU = Release|Any CPU
	EndGlobalSection
	GlobalSection(ProjectConfigurationPlatforms) = postSolution
		{14AEF5C1-C69E-4DE7-95C1-D762EA84AEF0}.Debug|Any CPU.ActiveCfg = Debug|Any CPU
		{14AEF5C1-C69E-4DE7-95C1-D762EA84AEF0}.Debug|Any CPU.Build.0 = Debug|Any CPU
		{14AEF5C1-C69E-4DE7-95C1-D762EA84AEF0}.Release|Any CPU.ActiveCfg = Release|Any CPU
		{14AEF5C1-C69E-4DE7-95C1-D762EA84AEF0}.Release|Any CPU.Build.0 = Release|Any CPU
		{493CB1F5-70AF-44D4-87CD-F45CA8E49471}.Debug|Any CPU.ActiveCfg = Debug|Any CPU
		{493CB1F5-70AF-44D4-87CD-F45CA8E49471}.Debug|Any CPU.Build.0 = Debug|Any CPU
		{493CB1F5-70AF-44D4-87CD-F45CA8E49471}.Release|Any CPU.ActiveCfg = Release|Any CPU
		{493CB1F5-70AF-44D4-87CD-F45CA8E49471}.Release|Any CPU.Build.0 = Release|Any CPU
	EndGlobalSection
	GlobalSection(SolutionProperties) = preSolution
		HideSolutionNode = FALSE
	EndGlobalSection
	GlobalSection(ExtensibilityGlobals) = postSolution
		SolutionGuid = {17639AF4-7C94-49E4-BDE1-7AE666B23DE0}
	EndGlobalSection
EndGlobal
